# This file is autogenerated, do not edit; changes may be undone by the next 'dep ensure'.


[[projects]]
  name = "github.com/go-chi/chi"
  packages = ["."]
  revision = "e83ac2304db3c50cf03d96a2fcd39009d458bc35"
  version = "v3.3.2"

[[projects]]
  name = "github.com/mgenware/go-packagex"
  packages = [
    "httpx",
    "templatex"
  ]
  revision = "ebcd54a13356b4ff202174efd2e906f33f42a9b9"
  version = "1.3.0"

[solve-meta]
  analyzer-name = "dep"
  analyzer-version = 1
  inputs-digest = "ae7cf24dd9d4ede46f02158aca54e35eb7a5eb7341a74afbe72c8308641fc0c3"
  solver-name = "gps-cdcl"
  solver-version = 1
