# This file is autogenerated, do not edit; changes may be undone by the next 'dep ensure'.


[[projects]]
  name = "github.com/go-chi/chi"
  packages = ["."]
  revision = "e83ac2304db3c50cf03d96a2fcd39009d458bc35"
  version = "v3.3.2"

[[projects]]
  branch = "master"
  name = "github.com/mgenware/go-packagex"
  packages = [
    "filepathx",
    "httpx",
    "templatex"
  ]
  revision = "395c7b5037e381bca48fb3ac2b6d03163041495a"

[[projects]]
  name = "golang.org/x/text"
  packages = [
    "internal/gen",
    "internal/tag",
    "language",
    "unicode/cldr"
  ]
  revision = "f21a4dfb5e38f5895301dc265a8def02365cc3d0"
  version = "v0.3.0"

[solve-meta]
  analyzer-name = "dep"
  analyzer-version = 1
  inputs-digest = "53ba586e67d5b03c4960bdfdd6e4e223ddc67c9df2c766c12693ca657575987e"
  solver-name = "gps-cdcl"
  solver-version = 1
